
Microsoft Visual Studio Solution File, Format Version 12.00
# Visual Studio Version 17
VisualStudioVersion = 17.14.36705.20
MinimumVisualStudioVersion = 10.0.40219.1
Project("{FAE04EC0-301F-11D3-BF4B-00C04F79EFBC}") = "UserService.API", "UserService.API\UserService.API.csproj", "{C378A312-42F5-42C0-990E-4A36F1E4390A}"
EndProject
Project("{2150E333-8FDC-42A3-9474-1A3956D46DE8}") = "git", "git", "{36D591C7-65C7-A0D1-1CBC-10CDE441BDC8}"
	ProjectSection(SolutionItems) = preProject
		README.md = README.md
	EndProjectSection
EndProject
Project("{FAE04EC0-301F-11D3-BF4B-00C04F79EFBC}") = "Domain", "Domain\Domain.csproj", "{2B6B2C14-39FA-4EB5-883C-7011227FC11A}"
EndProject
Project("{FAE04EC0-301F-11D3-BF4B-00C04F79EFBC}") = "Application", "Application\Application.csproj", "{5A350E04-0D7B-4CA6-AA40-29CEE6F1AAA3}"
EndProject
Project("{FAE04EC0-301F-11D3-BF4B-00C04F79EFBC}") = "Infrastructure", "Infrastructure\Infrastructure.csproj", "{65C7A07E-8041-436A-A833-4D34DB2C7DD5}"
EndProject
Global
	GlobalSection(SolutionConfigurationPlatforms) = preSolution
		Debug|Any CPU = Debug|Any CPU
		Release|Any CPU = Release|Any CPU
	EndGlobalSection
	GlobalSection(ProjectConfigurationPlatforms) = postSolution
		{C378A312-42F5-42C0-990E-4A36F1E4390A}.Debug|Any CPU.ActiveCfg = Debug|Any CPU
		{C378A312-42F5-42C0-990E-4A36F1E4390A}.Debug|Any CPU.Build.0 = Debug|Any CPU
		{C378A312-42F5-42C0-990E-4A36F1E4390A}.Release|Any CPU.ActiveCfg = Release|Any CPU
		{C378A312-42F5-42C0-990E-4A36F1E4390A}.Release|Any CPU.Build.0 = Release|Any CPU
		{2B6B2C14-39FA-4EB5-883C-7011227FC11A}.Debug|Any CPU.ActiveCfg = Debug|Any CPU
		{2B6B2C14-39FA-4EB5-883C-7011227FC11A}.Debug|Any CPU.Build.0 = Debug|Any CPU
		{2B6B2C14-39FA-4EB5-883C-7011227FC11A}.Release|Any CPU.ActiveCfg = Release|Any CPU
		{2B6B2C14-39FA-4EB5-883C-7011227FC11A}.Release|Any CPU.Build.0 = Release|Any CPU
		{5A350E04-0D7B-4CA6-AA40-29CEE6F1AAA3}.Debug|Any CPU.ActiveCfg = Debug|Any CPU
		{5A350E04-0D7B-4CA6-AA40-29CEE6F1AAA3}.Debug|Any CPU.Build.0 = Debug|Any CPU
		{5A350E04-0D7B-4CA6-AA40-29CEE6F1AAA3}.Release|Any CPU.ActiveCfg = Release|Any CPU
		{5A350E04-0D7B-4CA6-AA40-29CEE6F1AAA3}.Release|Any CPU.Build.0 = Release|Any CPU
		{65C7A07E-8041-436A-A833-4D34DB2C7DD5}.Debug|Any CPU.ActiveCfg = Debug|Any CPU
		{65C7A07E-8041-436A-A833-4D34DB2C7DD5}.Debug|Any CPU.Build.0 = Debug|Any CPU
		{65C7A07E-8041-436A-A833-4D34DB2C7DD5}.Release|Any CPU.ActiveCfg = Release|Any CPU
		{65C7A07E-8041-436A-A833-4D34DB2C7DD5}.Release|Any CPU.Build.0 = Release|Any CPU
	EndGlobalSection
	GlobalSection(SolutionProperties) = preSolution
		HideSolutionNode = FALSE
	EndGlobalSection
	GlobalSection(ExtensibilityGlobals) = postSolution
		SolutionGuid = {611CA87D-CAB7-4106-826B-CDDFED15C574}
	EndGlobalSection
EndGlobal
